
Microsoft Visual Studio Solution File, Format Version 12.00
# Visual Studio Version 17
VisualStudioVersion = 17.8.34330.188
MinimumVisualStudioVersion = 10.0.40219.1
Project("{FAE04EC0-301F-11D3-BF4B-00C04F79EFBC}") = "task_3", "task_3\task_3.csproj", "{0F2B9EB1-6F78-43EF-A253-5F38C176DE0C}"
EndProject
Global
	GlobalSection(SolutionConfigurationPlatforms) = preSolution
		Debug|Any CPU = Debug|Any CPU
		Release|Any CPU = Release|Any CPU
	EndGlobalSection
	GlobalSection(ProjectConfigurationPlatforms) = postSolution
		{0F2B9EB1-6F78-43EF-A253-5F38C176DE0C}.Debug|Any CPU.ActiveCfg = Debug|Any CPU
		{0F2B9EB1-6F78-43EF-A253-5F38C176DE0C}.Debug|Any CPU.Build.0 = Debug|Any CPU
		{0F2B9EB1-6F78-43EF-A253-5F38C176DE0C}.Release|Any CPU.ActiveCfg = Release|Any CPU
		{0F2B9EB1-6F78-43EF-A253-5F38C176DE0C}.Release|Any CPU.Build.0 = Release|Any CPU
	EndGlobalSection
	GlobalSection(SolutionProperties) = preSolution
		HideSolutionNode = FALSE
	EndGlobalSection
	GlobalSection(ExtensibilityGlobals) = postSolution
		SolutionGuid = {A2D9F790-F77B-48BF-B90F-62624D04DF27}
	EndGlobalSection
EndGlobal
