
Microsoft Visual Studio Solution File, Format Version 12.00
# Visual Studio Version 17
VisualStudioVersion = 17.8.34322.80
MinimumVisualStudioVersion = 10.0.40219.1
Project("{FAE04EC0-301F-11D3-BF4B-00C04F79EFBC}") = "06052024", "06052024\06052024.csproj", "{BF4D11E0-2239-4567-BFB5-98D1B580F801}"
EndProject
Global
	GlobalSection(SolutionConfigurationPlatforms) = preSolution
		Debug|Any CPU = Debug|Any CPU
		Release|Any CPU = Release|Any CPU
	EndGlobalSection
	GlobalSection(ProjectConfigurationPlatforms) = postSolution
		{BF4D11E0-2239-4567-BFB5-98D1B580F801}.Debug|Any CPU.ActiveCfg = Debug|Any CPU
		{BF4D11E0-2239-4567-BFB5-98D1B580F801}.Debug|Any CPU.Build.0 = Debug|Any CPU
		{BF4D11E0-2239-4567-BFB5-98D1B580F801}.Release|Any CPU.ActiveCfg = Release|Any CPU
		{BF4D11E0-2239-4567-BFB5-98D1B580F801}.Release|Any CPU.Build.0 = Release|Any CPU
	EndGlobalSection
	GlobalSection(SolutionProperties) = preSolution
		HideSolutionNode = FALSE
	EndGlobalSection
	GlobalSection(ExtensibilityGlobals) = postSolution
		SolutionGuid = {CE651EFD-4083-4C09-8677-110A0BF70DE4}
	EndGlobalSection
EndGlobal
