
Microsoft Visual Studio Solution File, Format Version 12.00
# Visual Studio Version 17
VisualStudioVersion = 17.8.34330.188
MinimumVisualStudioVersion = 10.0.40219.1
Project("{FAE04EC0-301F-11D3-BF4B-00C04F79EFBC}") = "class_07032024", "class_07032024\class_07032024.csproj", "{67EE2C62-885A-4941-B5D2-DA8F3C78B7F2}"
EndProject
Global
	GlobalSection(SolutionConfigurationPlatforms) = preSolution
		Debug|Any CPU = Debug|Any CPU
		Release|Any CPU = Release|Any CPU
	EndGlobalSection
	GlobalSection(ProjectConfigurationPlatforms) = postSolution
		{67EE2C62-885A-4941-B5D2-DA8F3C78B7F2}.Debug|Any CPU.ActiveCfg = Debug|Any CPU
		{67EE2C62-885A-4941-B5D2-DA8F3C78B7F2}.Debug|Any CPU.Build.0 = Debug|Any CPU
		{67EE2C62-885A-4941-B5D2-DA8F3C78B7F2}.Release|Any CPU.ActiveCfg = Release|Any CPU
		{67EE2C62-885A-4941-B5D2-DA8F3C78B7F2}.Release|Any CPU.Build.0 = Release|Any CPU
	EndGlobalSection
	GlobalSection(SolutionProperties) = preSolution
		HideSolutionNode = FALSE
	EndGlobalSection
	GlobalSection(ExtensibilityGlobals) = postSolution
		SolutionGuid = {C4C4DBA3-E191-4922-8D18-4C2B7ADBFF2A}
	EndGlobalSection
EndGlobal
