
Microsoft Visual Studio Solution File, Format Version 12.00
# Visual Studio Version 17
VisualStudioVersion = 17.8.34322.80
MinimumVisualStudioVersion = 10.0.40219.1
Project("{FAE04EC0-301F-11D3-BF4B-00C04F79EFBC}") = "ConsoleApp1", "ConsoleApp1\ConsoleApp1.csproj", "{D72DBE5B-13CE-4E3B-9DEE-475F8E25A422}"
EndProject
Global
	GlobalSection(SolutionConfigurationPlatforms) = preSolution
		Debug|Any CPU = Debug|Any CPU
		Release|Any CPU = Release|Any CPU
	EndGlobalSection
	GlobalSection(ProjectConfigurationPlatforms) = postSolution
		{D72DBE5B-13CE-4E3B-9DEE-475F8E25A422}.Debug|Any CPU.ActiveCfg = Debug|Any CPU
		{D72DBE5B-13CE-4E3B-9DEE-475F8E25A422}.Debug|Any CPU.Build.0 = Debug|Any CPU
		{D72DBE5B-13CE-4E3B-9DEE-475F8E25A422}.Release|Any CPU.ActiveCfg = Release|Any CPU
		{D72DBE5B-13CE-4E3B-9DEE-475F8E25A422}.Release|Any CPU.Build.0 = Release|Any CPU
	EndGlobalSection
	GlobalSection(SolutionProperties) = preSolution
		HideSolutionNode = FALSE
	EndGlobalSection
	GlobalSection(ExtensibilityGlobals) = postSolution
		SolutionGuid = {CC4AAB12-4AEC-465E-98FC-F5A9AF48928E}
	EndGlobalSection
EndGlobal
