
Microsoft Visual Studio Solution File, Format Version 12.00
# Visual Studio Version 17
VisualStudioVersion = 17.8.34330.188
MinimumVisualStudioVersion = 10.0.40219.1
Project("{FAE04EC0-301F-11D3-BF4B-00C04F79EFBC}") = "home_22022024", "home_22022024\home_22022024.csproj", "{8C17A3E6-9402-4426-9B8B-E6B81E7300FD}"
EndProject
Global
	GlobalSection(SolutionConfigurationPlatforms) = preSolution
		Debug|Any CPU = Debug|Any CPU
		Release|Any CPU = Release|Any CPU
	EndGlobalSection
	GlobalSection(ProjectConfigurationPlatforms) = postSolution
		{8C17A3E6-9402-4426-9B8B-E6B81E7300FD}.Debug|Any CPU.ActiveCfg = Debug|Any CPU
		{8C17A3E6-9402-4426-9B8B-E6B81E7300FD}.Debug|Any CPU.Build.0 = Debug|Any CPU
		{8C17A3E6-9402-4426-9B8B-E6B81E7300FD}.Release|Any CPU.ActiveCfg = Release|Any CPU
		{8C17A3E6-9402-4426-9B8B-E6B81E7300FD}.Release|Any CPU.Build.0 = Release|Any CPU
	EndGlobalSection
	GlobalSection(SolutionProperties) = preSolution
		HideSolutionNode = FALSE
	EndGlobalSection
	GlobalSection(ExtensibilityGlobals) = postSolution
		SolutionGuid = {E9D8DE01-CF61-4875-93E2-A90320FF3920}
	EndGlobalSection
EndGlobal
