
Microsoft Visual Studio Solution File, Format Version 12.00
# Visual Studio Version 17
VisualStudioVersion = 17.8.34330.188
MinimumVisualStudioVersion = 10.0.40219.1
Project("{FAE04EC0-301F-11D3-BF4B-00C04F79EFBC}") = "class_19022024", "class_19022024\class_19022024.csproj", "{0CD53FB8-8661-4528-BAAD-3387C044B11E}"
EndProject
Global
	GlobalSection(SolutionConfigurationPlatforms) = preSolution
		Debug|Any CPU = Debug|Any CPU
		Release|Any CPU = Release|Any CPU
	EndGlobalSection
	GlobalSection(ProjectConfigurationPlatforms) = postSolution
		{0CD53FB8-8661-4528-BAAD-3387C044B11E}.Debug|Any CPU.ActiveCfg = Debug|Any CPU
		{0CD53FB8-8661-4528-BAAD-3387C044B11E}.Debug|Any CPU.Build.0 = Debug|Any CPU
		{0CD53FB8-8661-4528-BAAD-3387C044B11E}.Release|Any CPU.ActiveCfg = Release|Any CPU
		{0CD53FB8-8661-4528-BAAD-3387C044B11E}.Release|Any CPU.Build.0 = Release|Any CPU
	EndGlobalSection
	GlobalSection(SolutionProperties) = preSolution
		HideSolutionNode = FALSE
	EndGlobalSection
	GlobalSection(ExtensibilityGlobals) = postSolution
		SolutionGuid = {9B27B7D1-AAC9-4675-9B24-2B4988FEE098}
	EndGlobalSection
EndGlobal
